<?xml version="1.0" encoding="utf-8"?>
<Project ToolsVersion="4.0" xmlns="http://schemas.microsoft.com/developer/msbuild/2003">
  <ItemGroup>
    <Filter Include="Source Files">
      <UniqueIdentifier>{4FC737F1-C7A5-4376-A066-2A32D752A2FF}</UniqueIdentifier>
      <Extensions>cpp;c;cc;cxx;c++;cppm;ixx;def;odl;idl;hpj;bat;asm;asmx</Extensions>
    </Filter>
    <Filter Include="Header Files">
      <UniqueIdentifier>{93995380-89BD-4b04-88EB-625FBE52EBFB}</UniqueIdentifier>
      <Extensions>h;hh;hpp;hxx;h++;hm;inl;inc;ipp;xsd</Extensions>
    </Filter>
    <Filter Include="Resource Files">
      <UniqueIdentifier>{67DA6AB6-F800-4c08-8B7A-83BB121AAD01}</UniqueIdentifier>
      <Extensions>rc;ico;cur;bmp;dlg;rc2;rct;bin;rgs;gif;jpg;jpeg;jpe;resx;tiff;tif;png;wav;mfcribbon-ms</Extensions>
    </Filter>
    <Filter Include="SoLoud">
      <UniqueIdentifier>{559ab628-0e38-4506-9ea8-d2382ef8ad60}</UniqueIdentifier>
    </Filter>
    <Filter Include="SoLoud\audiosource">
      <UniqueIdentifier>{f32a7e11-c049-490e-8fae-426bc69a3fb2}</UniqueIdentifier>
    </Filter>
    <Filter Include="SoLoud\backend">
      <UniqueIdentifier>{99476174-3dd9-45aa-8c6e-f666e660038f}</UniqueIdentifier>
    </Filter>
    <Filter Include="SoLoud\core">
      <UniqueIdentifier>{50a539ce-4145-4632-85ef-1db3bb222147}</UniqueIdentifier>
    </Filter>
    <Filter Include="SoLoud\audiosource\wav">
      <UniqueIdentifier>{993a7dc9-3669-4b5d-a161-b9933239ea32}</UniqueIdentifier>
    </Filter>
    <Filter Include="SoLoud\include">
      <UniqueIdentifier>{4001cb0b-2afc-46ea-9299-58cad85aceb9}</UniqueIdentifier>
    </Filter>
  </ItemGroup>
  <ItemGroup>
    <ClCompile Include="WinMain.cpp">
      <Filter>Source Files</Filter>
    </ClCompile>
    <ClCompile Include="Graphics.cpp">
      <Filter>Source Files</Filter>
    </ClCompile>
    <ClCompile Include="Window.cpp">
      <Filter>Source Files</Filter>
    </ClCompile>
    <ClCompile Include="SoLoud\core\soloud.cpp">
      <Filter>SoLoud\core</Filter>
    </ClCompile>
    <ClCompile Include="SoLoud\core\soloud_audiosource.cpp">
      <Filter>SoLoud\core</Filter>
    </ClCompile>
    <ClCompile Include="SoLoud\core\soloud_bus.cpp">
      <Filter>SoLoud\core</Filter>
    </ClCompile>
    <ClCompile Include="SoLoud\core\soloud_core_3d.cpp">
      <Filter>SoLoud\core</Filter>
    </ClCompile>
    <ClCompile Include="SoLoud\core\soloud_core_basicops.cpp">
      <Filter>SoLoud\core</Filter>
    </ClCompile>
    <ClCompile Include="SoLoud\core\soloud_core_faderops.cpp">
      <Filter>SoLoud\core</Filter>
    </ClCompile>
    <ClCompile Include="SoLoud\core\soloud_core_filterops.cpp">
      <Filter>SoLoud\core</Filter>
    </ClCompile>
    <ClCompile Include="SoLoud\core\soloud_core_getters.cpp">
      <Filter>SoLoud\core</Filter>
    </ClCompile>
    <ClCompile Include="SoLoud\core\soloud_core_setters.cpp">
      <Filter>SoLoud\core</Filter>
    </ClCompile>
    <ClCompile Include="SoLoud\core\soloud_core_voicegroup.cpp">
      <Filter>SoLoud\core</Filter>
    </ClCompile>
    <ClCompile Include="SoLoud\core\soloud_core_voiceops.cpp">
      <Filter>SoLoud\core</Filter>
    </ClCompile>
    <ClCompile Include="SoLoud\core\soloud_fader.cpp">
      <Filter>SoLoud\core</Filter>
    </ClCompile>
    <ClCompile Include="SoLoud\core\soloud_fft.cpp">
      <Filter>SoLoud\core</Filter>
    </ClCompile>
    <ClCompile Include="SoLoud\core\soloud_fft_lut.cpp">
      <Filter>SoLoud\core</Filter>
    </ClCompile>
    <ClCompile Include="SoLoud\core\soloud_file.cpp">
      <Filter>SoLoud\core</Filter>
    </ClCompile>
    <ClCompile Include="SoLoud\core\soloud_filter.cpp">
      <Filter>SoLoud\core</Filter>
    </ClCompile>
    <ClCompile Include="SoLoud\core\soloud_queue.cpp">
      <Filter>SoLoud\core</Filter>
    </ClCompile>
    <ClCompile Include="SoLoud\core\soloud_thread.cpp">
      <Filter>SoLoud\core</Filter>
    </ClCompile>
    <ClCompile Include="SoLoud\audiosource\wav\dr_impl.cpp">
      <Filter>SoLoud\audiosource\wav</Filter>
    </ClCompile>
    <ClCompile Include="SoLoud\audiosource\wav\soloud_wav.cpp">
      <Filter>SoLoud\audiosource\wav</Filter>
    </ClCompile>
    <ClCompile Include="SoLoud\audiosource\wav\soloud_wavstream.cpp">
      <Filter>SoLoud\audiosource\wav</Filter>
    </ClCompile>
    <ClCompile Include="SoLoud\audiosource\wav\stb_vorbis.c">
      <Filter>SoLoud\audiosource\wav</Filter>
    </ClCompile>
    <ClCompile Include="SoLoud\backend\winmm\soloud_winmm.cpp">
      <Filter>SoLoud\backend</Filter>
    </ClCompile>
    <ClCompile Include="App.cpp">
      <Filter>Source Files</Filter>
    </ClCompile>
    <ClCompile Include="Mesh.cpp">
      <Filter>Source Files</Filter>
    </ClCompile>
    <ClCompile Include="Camera.cpp">
      <Filter>Source Files</Filter>
    </ClCompile>
    <ClCompile Include="PointLight.cpp">
      <Filter>Source Files</Filter>
    </ClCompile>
    <ClCompile Include="SoundPlayer.cpp">
      <Filter>Source Files</Filter>
    </ClCompile>
    <ClCompile Include="Bindable.cpp">
      <Filter>Source Files</Filter>
    </ClCompile>
    <ClCompile Include="IndexBuffer.cpp">
      <Filter>Source Files</Filter>
    </ClCompile>
    <ClCompile Include="InputLayout.cpp">
      <Filter>Source Files</Filter>
    </ClCompile>
    <ClCompile Include="PixelShader.cpp">
      <Filter>Source Files</Filter>
    </ClCompile>
    <ClCompile Include="VertexShader.cpp">
      <Filter>Source Files</Filter>
    </ClCompile>
    <ClCompile Include="BindablesPool.cpp">
      <Filter>Source Files</Filter>
    </ClCompile>
    <ClCompile Include="ModelsPool.cpp">
      <Filter>Source Files</Filter>
    </ClCompile>
    <ClCompile Include="Model.cpp">
      <Filter>Source Files</Filter>
    </ClCompile>
    <ClCompile Include="Utils.cpp">
      <Filter>Source Files</Filter>
    </ClCompile>
  </ItemGroup>
  <ItemGroup>
    <ClInclude Include="Graphics.h">
      <Filter>Header Files</Filter>
    </ClInclude>
    <ClInclude Include="Window.h">
      <Filter>Header Files</Filter>
    </ClInclude>
    <ClInclude Include="resource.h">
      <Filter>Header Files</Filter>
    </ClInclude>
    <ClInclude Include="SoLoud\audiosource\wav\dr_flac.h">
      <Filter>SoLoud\audiosource\wav</Filter>
    </ClInclude>
    <ClInclude Include="SoLoud\audiosource\wav\dr_mp3.h">
      <Filter>SoLoud\audiosource\wav</Filter>
    </ClInclude>
    <ClInclude Include="SoLoud\audiosource\wav\dr_wav.h">
      <Filter>SoLoud\audiosource\wav</Filter>
    </ClInclude>
    <ClInclude Include="SoLoud\audiosource\wav\stb_vorbis.h">
      <Filter>SoLoud\audiosource\wav</Filter>
    </ClInclude>
    <ClInclude Include="SoLoud\include\soloud.h">
      <Filter>SoLoud\include</Filter>
    </ClInclude>
    <ClInclude Include="SoLoud\include\soloud_audiosource.h">
      <Filter>SoLoud\include</Filter>
    </ClInclude>
    <ClInclude Include="SoLoud\include\soloud_bassboostfilter.h">
      <Filter>SoLoud\include</Filter>
    </ClInclude>
    <ClInclude Include="SoLoud\include\soloud_biquadresonantfilter.h">
      <Filter>SoLoud\include</Filter>
    </ClInclude>
    <ClInclude Include="SoLoud\include\soloud_bus.h">
      <Filter>SoLoud\include</Filter>
    </ClInclude>
    <ClInclude Include="SoLoud\include\soloud_c.h">
      <Filter>SoLoud\include</Filter>
    </ClInclude>
    <ClInclude Include="SoLoud\include\soloud_dcremovalfilter.h">
      <Filter>SoLoud\include</Filter>
    </ClInclude>
    <ClInclude Include="SoLoud\include\soloud_echofilter.h">
      <Filter>SoLoud\include</Filter>
    </ClInclude>
    <ClInclude Include="SoLoud\include\soloud_error.h">
      <Filter>SoLoud\include</Filter>
    </ClInclude>
    <ClInclude Include="SoLoud\include\soloud_fader.h">
      <Filter>SoLoud\include</Filter>
    </ClInclude>
    <ClInclude Include="SoLoud\include\soloud_fft.h">
      <Filter>SoLoud\include</Filter>
    </ClInclude>
    <ClInclude Include="SoLoud\include\soloud_fftfilter.h">
      <Filter>SoLoud\include</Filter>
    </ClInclude>
    <ClInclude Include="SoLoud\include\soloud_file.h">
      <Filter>SoLoud\include</Filter>
    </ClInclude>
    <ClInclude Include="SoLoud\include\soloud_file_hack_off.h">
      <Filter>SoLoud\include</Filter>
    </ClInclude>
    <ClInclude Include="SoLoud\include\soloud_file_hack_on.h">
      <Filter>SoLoud\include</Filter>
    </ClInclude>
    <ClInclude Include="SoLoud\include\soloud_filter.h">
      <Filter>SoLoud\include</Filter>
    </ClInclude>
    <ClInclude Include="SoLoud\include\soloud_flangerfilter.h">
      <Filter>SoLoud\include</Filter>
    </ClInclude>
    <ClInclude Include="SoLoud\include\soloud_internal.h">
      <Filter>SoLoud\include</Filter>
    </ClInclude>
    <ClInclude Include="SoLoud\include\soloud_lofifilter.h">
      <Filter>SoLoud\include</Filter>
    </ClInclude>
    <ClInclude Include="SoLoud\include\soloud_monotone.h">
      <Filter>SoLoud\include</Filter>
    </ClInclude>
    <ClInclude Include="SoLoud\include\soloud_openmpt.h">
      <Filter>SoLoud\include</Filter>
    </ClInclude>
    <ClInclude Include="SoLoud\include\soloud_queue.h">
      <Filter>SoLoud\include</Filter>
    </ClInclude>
    <ClInclude Include="SoLoud\include\soloud_robotizefilter.h">
      <Filter>SoLoud\include</Filter>
    </ClInclude>
    <ClInclude Include="SoLoud\include\soloud_sfxr.h">
      <Filter>SoLoud\include</Filter>
    </ClInclude>
    <ClInclude Include="SoLoud\include\soloud_speech.h">
      <Filter>SoLoud\include</Filter>
    </ClInclude>
    <ClInclude Include="SoLoud\include\soloud_tedsid.h">
      <Filter>SoLoud\include</Filter>
    </ClInclude>
    <ClInclude Include="SoLoud\include\soloud_thread.h">
      <Filter>SoLoud\include</Filter>
    </ClInclude>
    <ClInclude Include="SoLoud\include\soloud_vic.h">
      <Filter>SoLoud\include</Filter>
    </ClInclude>
    <ClInclude Include="SoLoud\include\soloud_vizsn.h">
      <Filter>SoLoud\include</Filter>
    </ClInclude>
    <ClInclude Include="SoLoud\include\soloud_wav.h">
      <Filter>SoLoud\include</Filter>
    </ClInclude>
    <ClInclude Include="SoLoud\include\soloud_waveshaperfilter.h">
      <Filter>SoLoud\include</Filter>
    </ClInclude>
    <ClInclude Include="SoLoud\include\soloud_wavstream.h">
      <Filter>SoLoud\include</Filter>
    </ClInclude>
    <ClInclude Include="App.h">
      <Filter>Header Files</Filter>
    </ClInclude>
    <ClInclude Include="Mesh.h">
      <Filter>Header Files</Filter>
    </ClInclude>
    <ClInclude Include="ThrowMacros.h">
      <Filter>Header Files</Filter>
    </ClInclude>
    <ClInclude Include="BetterWindows.h">
      <Filter>Header Files</Filter>
    </ClInclude>
    <ClInclude Include="Camera.h">
      <Filter>Header Files</Filter>
    </ClInclude>
    <ClInclude Include="PointLight.h">
      <Filter>Header Files</Filter>
    </ClInclude>
    <ClInclude Include="SoundPlayer.h">
      <Filter>Header Files</Filter>
    </ClInclude>
    <ClInclude Include="ConstantBuffer.h">
      <Filter>Header Files</Filter>
    </ClInclude>
    <ClInclude Include="Bindable.h">
      <Filter>Header Files</Filter>
    </ClInclude>
    <ClInclude Include="VertexBuffer.h">
      <Filter>Header Files</Filter>
    </ClInclude>
    <ClInclude Include="IndexBuffer.h">
      <Filter>Header Files</Filter>
    </ClInclude>
    <ClInclude Include="InputLayout.h">
      <Filter>Header Files</Filter>
    </ClInclude>
    <ClInclude Include="PixelShader.h">
      <Filter>Header Files</Filter>
    </ClInclude>
    <ClInclude Include="VertexShader.h">
      <Filter>Header Files</Filter>
    </ClInclude>
    <ClInclude Include="BindablesPool.h">
      <Filter>Header Files</Filter>
    </ClInclude>
    <ClInclude Include="ModelsPool.h">
      <Filter>Header Files</Filter>
    </ClInclude>
    <ClInclude Include="Model.h">
      <Filter>Header Files</Filter>
    </ClInclude>
    <ClInclude Include="Utils.h">
      <Filter>Header Files</Filter>
    </ClInclude>
  </ItemGroup>
  <ItemGroup>
    <ResourceCompile Include="Rythm.rc">
      <Filter>Resource Files</Filter>
    </ResourceCompile>
  </ItemGroup>
  <ItemGroup>
    <FxCompile Include="VertexShader.hlsl">
      <Filter>Resource Files</Filter>
    </FxCompile>
    <FxCompile Include="PixelShader.hlsl">
      <Filter>Resource Files</Filter>
    </FxCompile>
    <FxCompile Include="PhongVS.hlsl">
      <Filter>Resource Files</Filter>
    </FxCompile>
    <FxCompile Include="PhongPS.hlsl">
      <Filter>Resource Files</Filter>
    </FxCompile>
  </ItemGroup>
</Project>